
Microsoft Visual Studio Solution File, Format Version 12.00
# Visual Studio Version 16
VisualStudioVersion = 16.0.31515.178
MinimumVisualStudioVersion = 10.0.40219.1
Project("{FAE04EC0-301F-11D3-BF4B-00C04F79EFBC}") = "CiudadesTiempoAPI", "CiudadesTiempoAPI.csproj", "{22560D05-B023-4584-B54B-D7F80BA29558}"
EndProject
Global
	GlobalSection(SolutionConfigurationPlatforms) = preSolution
		Debug|Any CPU = Debug|Any CPU
		Release|Any CPU = Release|Any CPU
	EndGlobalSection
	GlobalSection(ProjectConfigurationPlatforms) = postSolution
		{22560D05-B023-4584-B54B-D7F80BA29558}.Debug|Any CPU.ActiveCfg = Debug|Any CPU
		{22560D05-B023-4584-B54B-D7F80BA29558}.Debug|Any CPU.Build.0 = Debug|Any CPU
		{22560D05-B023-4584-B54B-D7F80BA29558}.Release|Any CPU.ActiveCfg = Release|Any CPU
		{22560D05-B023-4584-B54B-D7F80BA29558}.Release|Any CPU.Build.0 = Release|Any CPU
	EndGlobalSection
	GlobalSection(SolutionProperties) = preSolution
		HideSolutionNode = FALSE
	EndGlobalSection
	GlobalSection(ExtensibilityGlobals) = postSolution
		SolutionGuid = {1C816DA3-E66C-4959-8202-DA50427429E4}
	EndGlobalSection
EndGlobal
